{
  "name": "prebid.github.io",
  "version": "1.0.0",
  "lockfileVersion": 3,
  "requires": true,
  "packages": {
    "": {
      "name": "prebid.github.io",
      "version": "1.0.0",
      "hasInstallScript": true,
      "license": "ISC",
      "dependencies": {
        "awesomplete": "^1.1.5",
        "bootstrap": "^5.0.0",
        "bourbon": "^7.0.0",
        "include-media": "^1.4.9",
        "popper.js": "^1.16.1"
      },
      "devDependencies": {}
    },
    "node_modules/@popperjs/core": {
      "version": "2.11.8",
      "resolved": "https://registry.npmjs.org/@popperjs/core/-/core-2.11.8.tgz",
      "integrity": "sha512-P1st0aksCrn9sGZhp8GMYwBnQsbvAWsZAX44oXNNvLHGqAOcoVxmjZiohstwQ7SqKnbR47akdNi+uleWD8+g6A==",
      "license": "MIT",
      "peer": true,
      "funding": {
        "type": "opencollective",
        "url": "https://opencollective.com/popperjs"
      }
    },
    "node_modules/awesomplete": {
      "version": "1.1.5",
      "resolved": "https://registry.npmjs.org/awesomplete/-/awesomplete-1.1.5.tgz",
      "integrity": "sha512-UFw1mPW8NaSECDSTC36HbAOTpF9JK2wBUJcNn4MSvlNtK7SZ9N72gB+ajHtA6D1abYXRcszZnBA4nHBwvFwzHw=="
    },
    "node_modules/bootstrap": {
      "version": "5.0.0",
      "resolved": "https://registry.npmjs.org/bootstrap/-/bootstrap-5.0.0.tgz",
      "integrity": "sha512-tmhPET9B9qCl8dCofvHeiIhi49iBt0EehmIsziZib65k1erBW1rHhj2s/2JsuQh5Pq+xz2E9bEbzp9B7xHG+VA==",
      "license": "MIT",
      "funding": {
        "type": "opencollective",
        "url": "https://opencollective.com/bootstrap"
      },
      "peerDependencies": {
        "@popperjs/core": "^2.9.2"
      }
    },
    "node_modules/bourbon": {
      "version": "7.3.0",
      "resolved": "https://registry.npmjs.org/bourbon/-/bourbon-7.3.0.tgz",
      "integrity": "sha512-u9ZUqmaX7K7nkarKODlFT4/XYfWafLRoadlv2Lye8hytrIA4Urg/50rav1eFdbdbO6o9GnK9a6qf7zwq808atA=="
    },
    "node_modules/include-media": {
      "version": "1.4.10",
      "resolved": "https://registry.npmjs.org/include-media/-/include-media-1.4.10.tgz",
      "integrity": "sha512-TymQzKF7oWHbItEcEHOCponZ90lRr1I9QbYeD+qCxXy4Z0/pSpS4Ocz2bq3FMOERlXXrY9Sawsh9GjiObVQA6A=="
    },
    "node_modules/popper.js": {
      "version": "1.16.1",
      "resolved": "https://registry.npmjs.org/popper.js/-/popper.js-1.16.1.tgz",
      "integrity": "sha512-Wb4p1J4zyFTbM+u6WuO4XstYx4Ky9Cewe4DWrel7B0w6VVICvPwdOpotjzcf6eD8TsckVnIMNONQyPIUFOUbCQ==",
      "deprecated": "You can find the new Popper v2 at @popperjs/core, this package is dedicated to the legacy v1",
      "funding": {
        "type": "opencollective",
        "url": "https://opencollective.com/popperjs"
      }
    }
  }
}
